// !$*UTF8*$!
{
	archiveVersion = 1;
	classes = {
	};
	objectVersion = 46;
	objects = {

/* Begin PBXBuildFile section */
		36B78C901968FE7C00EF8B3C /* AppDelegate.swift in Sources */ = {isa = PBXBuildFile; fileRef = 36B78C8F1968FE7C00EF8B3C /* AppDelegate.swift */; };
		36B78C921968FE7C00EF8B3C /* Images.xcassets in Resources */ = {isa = PBXBuildFile; fileRef = 36B78C911968FE7C00EF8B3C /* Images.xcassets */; };
		36B78C9E1968FE7C00EF8B3C /* todoappTests.swift in Sources */ = {isa = PBXBuildFile; fileRef = 36B78C9D1968FE7C00EF8B3C /* todoappTests.swift */; };
		36B78CA81968FECE00EF8B3C /* TodoTableViewController.swift in Sources */ = {isa = PBXBuildFile; fileRef = 36B78CA71968FECE00EF8B3C /* TodoTableViewController.swift */; };
		36B78CAA1969025100EF8B3C /* TodoTableViewCell.swift in Sources */ = {isa = PBXBuildFile; fileRef = 36B78CA91969025100EF8B3C /* TodoTableViewCell.swift */; };
		36B78CAC196906FD00EF8B3C /* TodoDataManager.swift in Sources */ = {isa = PBXBuildFile; fileRef = 36B78CAB196906FD00EF8B3C /* TodoDataManager.swift */; };
/* End PBXBuildFile section */

/* Begin PBXContainerItemProxy section */
		36B78C981968FE7C00EF8B3C /* PBXContainerItemProxy */ = {
			isa = PBXContainerItemProxy;
			containerPortal = 36B78C821968FE7C00EF8B3C /* Project object */;
			proxyType = 1;
			remoteGlobalIDString = 36B78C891968FE7C00EF8B3C;
			remoteInfo = todoapp;
		};
/* End PBXContainerItemProxy section */

/* Begin PBXFileReference section */
		36B78C8A1968FE7C00EF8B3C /* todoapp.app */ = {isa = PBXFileReference; explicitFileType = wrapper.application; includeInIndex = 0; path = todoapp.app; sourceTree = BUILT_PRODUCTS_DIR; };
		36B78C8E1968FE7C00EF8B3C /* Info.plist */ = {isa = PBXFileReference; lastKnownFileType = text.plist.xml; path = Info.plist; sourceTree = "<group>"; };
		36B78C8F1968FE7C00EF8B3C /* AppDelegate.swift */ = {isa = PBXFileReference; lastKnownFileType = sourcecode.swift; path = AppDelegate.swift; sourceTree = "<group>"; };
		36B78C911968FE7C00EF8B3C /* Images.xcassets */ = {isa = PBXFileReference; lastKnownFileType = folder.assetcatalog; path = Images.xcassets; sourceTree = "<group>"; };
		36B78C971968FE7C00EF8B3C /* todoappTests.xctest */ = {isa = PBXFileReference; explicitFileType = wrapper.cfbundle; includeInIndex = 0; path = todoappTests.xctest; sourceTree = BUILT_PRODUCTS_DIR; };
		36B78C9C1968FE7C00EF8B3C /* Info.plist */ = {isa = PBXFileReference; lastKnownFileType = text.plist.xml; path = Info.plist; sourceTree = "<group>"; };
		36B78C9D1968FE7C00EF8B3C /* todoappTests.swift */ = {isa = PBXFileReference; lastKnownFileType = sourcecode.swift; path = todoappTests.swift; sourceTree = "<group>"; };
		36B78CA71968FECE00EF8B3C /* TodoTableViewController.swift */ = {isa = PBXFileReference; fileEncoding = 4; lastKnownFileType = sourcecode.swift; path = TodoTableViewController.swift; sourceTree = "<group>"; };
		36B78CA91969025100EF8B3C /* TodoTableViewCell.swift */ = {isa = PBXFileReference; fileEncoding = 4; lastKnownFileType = sourcecode.swift; path = TodoTableViewCell.swift; sourceTree = "<group>"; };
		36B78CAB196906FD00EF8B3C /* TodoDataManager.swift */ = {isa = PBXFileReference; fileEncoding = 4; lastKnownFileType = sourcecode.swift; path = TodoDataManager.swift; sourceTree = "<group>"; };
/* End PBXFileReference section */

/* Begin PBXFrameworksBuildPhase section */
		36B78C871968FE7C00EF8B3C /* Frameworks */ = {
			isa = PBXFrameworksBuildPhase;
			buildActionMask = 2147483647;
			files = (
			);
			runOnlyForDeploymentPostprocessing = 0;
		};
		36B78C941968FE7C00EF8B3C /* Frameworks */ = {
			isa = PBXFrameworksBuildPhase;
			buildActionMask = 2147483647;
			files = (
			);
			runOnlyForDeploymentPostprocessing = 0;
		};
/* End PBXFrameworksBuildPhase section */

/* Begin PBXGroup section */
		36B78C811968FE7C00EF8B3C = {
			isa = PBXGroup;
			children = (
				36B78C8C1968FE7C00EF8B3C /* todoapp */,
				36B78C9A1968FE7C00EF8B3C /* todoappTests */,
				36B78C8B1968FE7C00EF8B3C /* Products */,
			);
			sourceTree = "<group>";
		};
		36B78C8B1968FE7C00EF8B3C /* Products */ = {
			isa = PBXGroup;
			children = (
				36B78C8A1968FE7C00EF8B3C /* todoapp.app */,
				36B78C971968FE7C00EF8B3C /* todoappTests.xctest */,
			);
			name = Products;
			sourceTree = "<group>";
		};
		36B78C8C1968FE7C00EF8B3C /* todoapp */ = {
			isa = PBXGroup;
			children = (
				36B78C8F1968FE7C00EF8B3C /* AppDelegate.swift */,
				36B78CAB196906FD00EF8B3C /* TodoDataManager.swift */,
				36B78CA91969025100EF8B3C /* TodoTableViewCell.swift */,
				36B78CA71968FECE00EF8B3C /* TodoTableViewController.swift */,
				36B78C911968FE7C00EF8B3C /* Images.xcassets */,
				36B78C8D1968FE7C00EF8B3C /* Supporting Files */,
			);
			path = todoapp;
			sourceTree = "<group>";
		};
		36B78C8D1968FE7C00EF8B3C /* Supporting Files */ = {
			isa = PBXGroup;
			children = (
				36B78C8E1968FE7C00EF8B3C /* Info.plist */,
			);
			name = "Supporting Files";
			sourceTree = "<group>";
		};
		36B78C9A1968FE7C00EF8B3C /* todoappTests */ = {
			isa = PBXGroup;
			children = (
				36B78C9D1968FE7C00EF8B3C /* todoappTests.swift */,
				36B78C9B1968FE7C00EF8B3C /* Supporting Files */,
			);
			path = todoappTests;
			sourceTree = "<group>";
		};
		36B78C9B1968FE7C00EF8B3C /* Supporting Files */ = {
			isa = PBXGroup;
			children = (
				36B78C9C1968FE7C00EF8B3C /* Info.plist */,
			);
			name = "Supporting Files";
			sourceTree = "<group>";
		};
/* End PBXGroup section */

/* Begin PBXNativeTarget section */
		36B78C891968FE7C00EF8B3C /* todoapp */ = {
			isa = PBXNativeTarget;
			buildConfigurationList = 36B78CA11968FE7C00EF8B3C /* Build configuration list for PBXNativeTarget "todoapp" */;
			buildPhases = (
				36B78C861968FE7C00EF8B3C /* Sources */,
				36B78C871968FE7C00EF8B3C /* Frameworks */,
				36B78C881968FE7C00EF8B3C /* Resources */,
			);
			buildRules = (
			);
			dependencies = (
			);
			name = todoapp;
			productName = todoapp;
			productReference = 36B78C8A1968FE7C00EF8B3C /* todoapp.app */;
			productType = "com.apple.product-type.application";
		};
		36B78C961968FE7C00EF8B3C /* todoappTests */ = {
			isa = PBXNativeTarget;
			buildConfigurationList = 36B78CA41968FE7C00EF8B3C /* Build configuration list for PBXNativeTarget "todoappTests" */;
			buildPhases = (
				36B78C931968FE7C00EF8B3C /* Sources */,
				36B78C941968FE7C00EF8B3C /* Frameworks */,
				36B78C951968FE7C00EF8B3C /* Resources */,
			);
			buildRules = (
			);
			dependencies = (
				36B78C991968FE7C00EF8B3C /* PBXTargetDependency */,
			);
			name = todoappTests;
			productName = todoappTests;
			productReference = 36B78C971968FE7C00EF8B3C /* todoappTests.xctest */;
			productType = "com.apple.product-type.bundle.unit-test";
		};
/* End PBXNativeTarget section */

/* Begin PBXProject section */
		36B78C821968FE7C00EF8B3C /* Project object */ = {
			isa = PBXProject;
			attributes = {
				LastUpgradeCheck = 0600;
				ORGANIZATIONNAME = "Tatsuya Hirose";
				TargetAttributes = {
					36B78C891968FE7C00EF8B3C = {
						CreatedOnToolsVersion = 6.0;
					};
					36B78C961968FE7C00EF8B3C = {
						CreatedOnToolsVersion = 6.0;
						TestTargetID = 36B78C891968FE7C00EF8B3C;
					};
				};
			};
			buildConfigurationList = 36B78C851968FE7C00EF8B3C /* Build configuration list for PBXProject "todoapp" */;
			compatibilityVersion = "Xcode 3.2";
			developmentRegion = English;
			hasScannedForEncodings = 0;
			knownRegions = (
				en,
			);
			mainGroup = 36B78C811968FE7C00EF8B3C;
			productRefGroup = 36B78C8B1968FE7C00EF8B3C /* Products */;
			projectDirPath = "";
			projectRoot = "";
			targets = (
				36B78C891968FE7C00EF8B3C /* todoapp */,
				36B78C961968FE7C00EF8B3C /* todoappTests */,
			);
		};
/* End PBXProject section */

/* Begin PBXResourcesBuildPhase section */
		36B78C881968FE7C00EF8B3C /* Resources */ = {
			isa = PBXResourcesBuildPhase;
			buildActionMask = 2147483647;
			files = (
				36B78C921968FE7C00EF8B3C /* Images.xcassets in Resources */,
			);
			runOnlyForDeploymentPostprocessing = 0;
		};
		36B78C951968FE7C00EF8B3C /* Resources */ = {
			isa = PBXResourcesBuildPhase;
			buildActionMask = 2147483647;
			files = (
			);
			runOnlyForDeploymentPostprocessing = 0;
		};
/* End PBXResourcesBuildPhase section */

/* Begin PBXSourcesBuildPhase section */
		36B78C861968FE7C00EF8B3C /* Sources */ = {
			isa = PBXSourcesBuildPhase;
			buildActionMask = 2147483647;
			files = (
				36B78CAC196906FD00EF8B3C /* TodoDataManager.swift in Sources */,
				36B78CAA1969025100EF8B3C /* TodoTableViewCell.swift in Sources */,
				36B78CA81968FECE00EF8B3C /* TodoTableViewController.swift in Sources */,
				36B78C901968FE7C00EF8B3C /* AppDelegate.swift in Sources */,
			);
			runOnlyForDeploymentPostprocessing = 0;
		};
		36B78C931968FE7C00EF8B3C /* Sources */ = {
			isa = PBXSourcesBuildPhase;
			buildActionMask = 2147483647;
			files = (
				36B78C9E1968FE7C00EF8B3C /* todoappTests.swift in Sources */,
			);
			runOnlyForDeploymentPostprocessing = 0;
		};
/* End PBXSourcesBuildPhase section */

/* Begin PBXTargetDependency section */
		36B78C991968FE7C00EF8B3C /* PBXTargetDependency */ = {
			isa = PBXTargetDependency;
			target = 36B78C891968FE7C00EF8B3C /* todoapp */;
			targetProxy = 36B78C981968FE7C00EF8B3C /* PBXContainerItemProxy */;
		};
/* End PBXTargetDependency section */

/* Begin XCBuildConfiguration section */
		36B78C9F1968FE7C00EF8B3C /* Debug */ = {
			isa = XCBuildConfiguration;
			buildSettings = {
				ALWAYS_SEARCH_USER_PATHS = NO;
				CLANG_CXX_LANGUAGE_STANDARD = "gnu++0x";
				CLANG_CXX_LIBRARY = "libc++";
				CLANG_ENABLE_MODULES = YES;
				CLANG_ENABLE_OBJC_ARC = YES;
				CLANG_WARN_BOOL_CONVERSION = YES;
				CLANG_WARN_CONSTANT_CONVERSION = YES;
				CLANG_WARN_DIRECT_OBJC_ISA_USAGE = YES_ERROR;
				CLANG_WARN_EMPTY_BODY = YES;
				CLANG_WARN_ENUM_CONVERSION = YES;
				CLANG_WARN_INT_CONVERSION = YES;
				CLANG_WARN_OBJC_ROOT_CLASS = YES_ERROR;
				CLANG_WARN_UNREACHABLE_CODE = YES;
				CLANG_WARN__DUPLICATE_METHOD_MATCH = YES;
				"CODE_SIGN_IDENTITY[sdk=iphoneos*]" = "iPhone Developer";
				COPY_PHASE_STRIP = NO;
				ENABLE_STRICT_OBJC_MSGSEND = YES;
				GCC_C_LANGUAGE_STANDARD = gnu99;
				GCC_DYNAMIC_NO_PIC = NO;
				GCC_OPTIMIZATION_LEVEL = 0;
				GCC_PREPROCESSOR_DEFINITIONS = (
					"DEBUG=1",
					"$(inherited)",
				);
				GCC_SYMBOLS_PRIVATE_EXTERN = NO;
				GCC_WARN_64_TO_32_BIT_CONVERSION = YES;
				GCC_WARN_ABOUT_RETURN_TYPE = YES_ERROR;
				GCC_WARN_UNDECLARED_SELECTOR = YES;
				GCC_WARN_UNINITIALIZED_AUTOS = YES_AGGRESSIVE;
				GCC_WARN_UNUSED_FUNCTION = YES;
				GCC_WARN_UNUSED_VARIABLE = YES;
				IPHONEOS_DEPLOYMENT_TARGET = 8.0;
				METAL_ENABLE_DEBUG_INFO = YES;
				ONLY_ACTIVE_ARCH = YES;
				SDKROOT = iphoneos;
				SWIFT_OPTIMIZATION_LEVEL = "-Onone";
			};
			name = Debug;
		};
		36B78CA01968FE7C00EF8B3C /* Release */ = {
			isa = XCBuildConfiguration;
			buildSettings = {
				ALWAYS_SEARCH_USER_PATHS = NO;
				CLANG_CXX_LANGUAGE_STANDARD = "gnu++0x";
				CLANG_CXX_LIBRARY = "libc++";
				CLANG_ENABLE_MODULES = YES;
				CLANG_ENABLE_OBJC_ARC = YES;
				CLANG_WARN_BOOL_CONVERSION = YES;
				CLANG_WARN_CONSTANT_CONVERSION = YES;
				CLANG_WARN_DIRECT_OBJC_ISA_USAGE = YES_ERROR;
				CLANG_WARN_EMPTY_BODY = YES;
				CLANG_WARN_ENUM_CONVERSION = YES;
				CLANG_WARN_INT_CONVERSION = YES;
				CLANG_WARN_OBJC_ROOT_CLASS = YES_ERROR;
				CLANG_WARN_UNREACHABLE_CODE = YES;
				CLANG_WARN__DUPLICATE_METHOD_MATCH = YES;
				"CODE_SIGN_IDENTITY[sdk=iphoneos*]" = "iPhone Developer";
				COPY_PHASE_STRIP = YES;
				ENABLE_NS_ASSERTIONS = NO;
				ENABLE_STRICT_OBJC_MSGSEND = YES;
				GCC_C_LANGUAGE_STANDARD = gnu99;
				GCC_WARN_64_TO_32_BIT_CONVERSION = YES;
				GCC_WARN_ABOUT_RETURN_TYPE = YES_ERROR;
				GCC_WARN_UNDECLARED_SELECTOR = YES;
				GCC_WARN_UNINITIALIZED_AUTOS = YES_AGGRESSIVE;
				GCC_WARN_UNUSED_FUNCTION = YES;
				GCC_WARN_UNUSED_VARIABLE = YES;
				IPHONEOS_DEPLOYMENT_TARGET = 8.0;
				METAL_ENABLE_DEBUG_INFO = NO;
				SDKROOT = iphoneos;
				VALIDATE_PRODUCT = YES;
			};
			name = Release;
		};
		36B78CA21968FE7C00EF8B3C /* Debug */ = {
			isa = XCBuildConfiguration;
			buildSettings = {
				ASSETCATALOG_COMPILER_APPICON_NAME = AppIcon;
				ASSETCATALOG_COMPILER_LAUNCHIMAGE_NAME = LaunchImage;
				INFOPLIST_FILE = todoapp/Info.plist;
				LD_RUNPATH_SEARCH_PATHS = "$(inherited) @executable_path/Frameworks";
				PRODUCT_NAME = "$(TARGET_NAME)";
			};
			name = Debug;
		};
		36B78CA31968FE7C00EF8B3C /* Release */ = {
			isa = XCBuildConfiguration;
			buildSettings = {
				ASSETCATALOG_COMPILER_APPICON_NAME = AppIcon;
				ASSETCATALOG_COMPILER_LAUNCHIMAGE_NAME = LaunchImage;
				INFOPLIST_FILE = todoapp/Info.plist;
				LD_RUNPATH_SEARCH_PATHS = "$(inherited) @executable_path/Frameworks";
				PRODUCT_NAME = "$(TARGET_NAME)";
			};
			name = Release;
		};
		36B78CA51968FE7C00EF8B3C /* Debug */ = {
			isa = XCBuildConfiguration;
			buildSettings = {
				BUNDLE_LOADER = "$(BUILT_PRODUCTS_DIR)/todoapp.app/todoapp";
				FRAMEWORK_SEARCH_PATHS = (
					"$(SDKROOT)/Developer/Library/Frameworks",
					"$(inherited)",
				);
				GCC_PREPROCESSOR_DEFINITIONS = (
					"DEBUG=1",
					"$(inherited)",
				);
				INFOPLIST_FILE = todoappTests/Info.plist;
				LD_RUNPATH_SEARCH_PATHS = "$(inherited) @executable_path/Frameworks @loader_path/Frameworks";
				METAL_ENABLE_DEBUG_INFO = YES;
				PRODUCT_NAME = "$(TARGET_NAME)";
				TEST_HOST = "$(BUNDLE_LOADER)";
			};
			name = Debug;
		};
		36B78CA61968FE7C00EF8B3C /* Release */ = {
			isa = XCBuildConfiguration;
			buildSettings = {
				BUNDLE_LOADER = "$(BUILT_PRODUCTS_DIR)/todoapp.app/todoapp";
				FRAMEWORK_SEARCH_PATHS = (
					"$(SDKROOT)/Developer/Library/Frameworks",
					"$(inherited)",
				);
				INFOPLIST_FILE = todoappTests/Info.plist;
				LD_RUNPATH_SEARCH_PATHS = "$(inherited) @executable_path/Frameworks @loader_path/Frameworks";
				METAL_ENABLE_DEBUG_INFO = NO;
				PRODUCT_NAME = "$(TARGET_NAME)";
				TEST_HOST = "$(BUNDLE_LOADER)";
			};
			name = Release;
		};
/* End XCBuildConfiguration section */

/* Begin XCConfigurationList section */
		36B78C851968FE7C00EF8B3C /* Build configuration list for PBXProject "todoapp" */ = {
			isa = XCConfigurationList;
			buildConfigurations = (
				36B78C9F1968FE7C00EF8B3C /* Debug */,
				36B78CA01968FE7C00EF8B3C /* Release */,
			);
			defaultConfigurationIsVisible = 0;
			defaultConfigurationName = Release;
		};
		36B78CA11968FE7C00EF8B3C /* Build configuration list for PBXNativeTarget "todoapp" */ = {
			isa = XCConfigurationList;
			buildConfigurations = (
				36B78CA21968FE7C00EF8B3C /* Debug */,
				36B78CA31968FE7C00EF8B3C /* Release */,
			);
			defaultConfigurationIsVisible = 0;
		};
		36B78CA41968FE7C00EF8B3C /* Build configuration list for PBXNativeTarget "todoappTests" */ = {
			isa = XCConfigurationList;
			buildConfigurations = (
				36B78CA51968FE7C00EF8B3C /* Debug */,
				36B78CA61968FE7C00EF8B3C /* Release */,
			);
			defaultConfigurationIsVisible = 0;
		};
/* End XCConfigurationList section */
	};
	rootObject = 36B78C821968FE7C00EF8B3C /* Project object */;
}
